
Microsoft Visual Studio Solution File, Format Version 12.00
# Visual Studio Version 17
VisualStudioVersion = 17.4.33205.214
MinimumVisualStudioVersion = 10.0.40219.1
Project("{9A19103F-16F7-4668-BE54-9A1E7A4F7556}") = "CapacitacionDDD.Core.Domain", "CapacitacionDDD\CapacitacionDDD.Core.Domain.csproj", "{508144D9-E201-4386-A2C2-585DD4A4B06B}"
EndProject
Project("{9A19103F-16F7-4668-BE54-9A1E7A4F7556}") = "CapacitacionDDD.Core.Application", "CapacitacionDDD.Core.Application\CapacitacionDDD.Core.Application.csproj", "{F307C667-0F54-403D-927B-DAF8C871F887}"
EndProject
Project("{9A19103F-16F7-4668-BE54-9A1E7A4F7556}") = "CapacitacionDDD.Core.Infrastructura", "CapacitacionDDD.Core.Infrastructura\CapacitacionDDD.Core.Infrastructura.csproj", "{385EC6A1-1719-4A2F-8CE0-DF4118084F99}"
EndProject
Project("{FAE04EC0-301F-11D3-BF4B-00C04F79EFBC}") = "ConsoleAppDdd", "ConsoleAppDdd\ConsoleAppDdd.csproj", "{D7B0ACA6-E60B-41F7-A43A-62DA639C36F6}"
EndProject
Global
	GlobalSection(SolutionConfigurationPlatforms) = preSolution
		Debug|Any CPU = Debug|Any CPU
		Release|Any CPU = Release|Any CPU
	EndGlobalSection
	GlobalSection(ProjectConfigurationPlatforms) = postSolution
		{508144D9-E201-4386-A2C2-585DD4A4B06B}.Debug|Any CPU.ActiveCfg = Debug|Any CPU
		{508144D9-E201-4386-A2C2-585DD4A4B06B}.Debug|Any CPU.Build.0 = Debug|Any CPU
		{508144D9-E201-4386-A2C2-585DD4A4B06B}.Release|Any CPU.ActiveCfg = Release|Any CPU
		{508144D9-E201-4386-A2C2-585DD4A4B06B}.Release|Any CPU.Build.0 = Release|Any CPU
		{F307C667-0F54-403D-927B-DAF8C871F887}.Debug|Any CPU.ActiveCfg = Debug|Any CPU
		{F307C667-0F54-403D-927B-DAF8C871F887}.Debug|Any CPU.Build.0 = Debug|Any CPU
		{F307C667-0F54-403D-927B-DAF8C871F887}.Release|Any CPU.ActiveCfg = Release|Any CPU
		{F307C667-0F54-403D-927B-DAF8C871F887}.Release|Any CPU.Build.0 = Release|Any CPU
		{385EC6A1-1719-4A2F-8CE0-DF4118084F99}.Debug|Any CPU.ActiveCfg = Debug|Any CPU
		{385EC6A1-1719-4A2F-8CE0-DF4118084F99}.Debug|Any CPU.Build.0 = Debug|Any CPU
		{385EC6A1-1719-4A2F-8CE0-DF4118084F99}.Release|Any CPU.ActiveCfg = Release|Any CPU
		{385EC6A1-1719-4A2F-8CE0-DF4118084F99}.Release|Any CPU.Build.0 = Release|Any CPU
		{D7B0ACA6-E60B-41F7-A43A-62DA639C36F6}.Debug|Any CPU.ActiveCfg = Debug|Any CPU
		{D7B0ACA6-E60B-41F7-A43A-62DA639C36F6}.Debug|Any CPU.Build.0 = Debug|Any CPU
		{D7B0ACA6-E60B-41F7-A43A-62DA639C36F6}.Release|Any CPU.ActiveCfg = Release|Any CPU
		{D7B0ACA6-E60B-41F7-A43A-62DA639C36F6}.Release|Any CPU.Build.0 = Release|Any CPU
	EndGlobalSection
	GlobalSection(SolutionProperties) = preSolution
		HideSolutionNode = FALSE
	EndGlobalSection
	GlobalSection(ExtensibilityGlobals) = postSolution
		SolutionGuid = {8BB5654E-CA8B-4747-AC1C-94CF9BB2897E}
	EndGlobalSection
EndGlobal
